
Microsoft Visual Studio Solution File, Format Version 12.00
# Visual Studio Version 16
VisualStudioVersion = 16.0.810.17
MinimumVisualStudioVersion = 10.0.40219.1
Project("{FAE04EC0-301F-11D3-BF4B-00C04F79EFBC}") = "HomeworkTask1", "HomeworkTask1\HomeworkTask1.csproj", "{13D4047C-7788-4B65-98A4-970031FC267B}"
EndProject
Project("{FAE04EC0-301F-11D3-BF4B-00C04F79EFBC}") = "HomeworkTask2", "HomeworkTask2\HomeworkTask2.csproj", "{02C2FE6F-1C0C-410E-988D-406F9CB9BD53}"
EndProject
Project("{FAE04EC0-301F-11D3-BF4B-00C04F79EFBC}") = "HomeworkTask3", "HomeworkTask3\HomeworkTask3.csproj", "{FFC56ECF-93E2-4C78-87DB-A7C9E535A8E6}"
EndProject
Project("{FAE04EC0-301F-11D3-BF4B-00C04F79EFBC}") = "HomeworkTask4", "HomeworkTask4\HomeworkTask4.csproj", "{03F226E5-4A71-4827-860B-8249A56DA701}"
EndProject
Project("{FAE04EC0-301F-11D3-BF4B-00C04F79EFBC}") = "HomeworkTask5", "HomeworkTask5\HomeworkTask5.csproj", "{B0EE9336-6EB6-4EFB-8334-0E32E6CF1BD5}"
EndProject
Global
	GlobalSection(SolutionConfigurationPlatforms) = preSolution
		Debug|Any CPU = Debug|Any CPU
		Release|Any CPU = Release|Any CPU
	EndGlobalSection
	GlobalSection(ProjectConfigurationPlatforms) = postSolution
		{13D4047C-7788-4B65-98A4-970031FC267B}.Debug|Any CPU.ActiveCfg = Debug|Any CPU
		{13D4047C-7788-4B65-98A4-970031FC267B}.Debug|Any CPU.Build.0 = Debug|Any CPU
		{13D4047C-7788-4B65-98A4-970031FC267B}.Release|Any CPU.ActiveCfg = Release|Any CPU
		{13D4047C-7788-4B65-98A4-970031FC267B}.Release|Any CPU.Build.0 = Release|Any CPU
		{02C2FE6F-1C0C-410E-988D-406F9CB9BD53}.Debug|Any CPU.ActiveCfg = Debug|Any CPU
		{02C2FE6F-1C0C-410E-988D-406F9CB9BD53}.Debug|Any CPU.Build.0 = Debug|Any CPU
		{02C2FE6F-1C0C-410E-988D-406F9CB9BD53}.Release|Any CPU.ActiveCfg = Release|Any CPU
		{02C2FE6F-1C0C-410E-988D-406F9CB9BD53}.Release|Any CPU.Build.0 = Release|Any CPU
		{FFC56ECF-93E2-4C78-87DB-A7C9E535A8E6}.Debug|Any CPU.ActiveCfg = Debug|Any CPU
		{FFC56ECF-93E2-4C78-87DB-A7C9E535A8E6}.Debug|Any CPU.Build.0 = Debug|Any CPU
		{FFC56ECF-93E2-4C78-87DB-A7C9E535A8E6}.Release|Any CPU.ActiveCfg = Release|Any CPU
		{FFC56ECF-93E2-4C78-87DB-A7C9E535A8E6}.Release|Any CPU.Build.0 = Release|Any CPU
		{03F226E5-4A71-4827-860B-8249A56DA701}.Debug|Any CPU.ActiveCfg = Debug|Any CPU
		{03F226E5-4A71-4827-860B-8249A56DA701}.Debug|Any CPU.Build.0 = Debug|Any CPU
		{03F226E5-4A71-4827-860B-8249A56DA701}.Release|Any CPU.ActiveCfg = Release|Any CPU
		{03F226E5-4A71-4827-860B-8249A56DA701}.Release|Any CPU.Build.0 = Release|Any CPU
		{B0EE9336-6EB6-4EFB-8334-0E32E6CF1BD5}.Debug|Any CPU.ActiveCfg = Debug|Any CPU
		{B0EE9336-6EB6-4EFB-8334-0E32E6CF1BD5}.Debug|Any CPU.Build.0 = Debug|Any CPU
		{B0EE9336-6EB6-4EFB-8334-0E32E6CF1BD5}.Release|Any CPU.ActiveCfg = Release|Any CPU
		{B0EE9336-6EB6-4EFB-8334-0E32E6CF1BD5}.Release|Any CPU.Build.0 = Release|Any CPU
	EndGlobalSection
	GlobalSection(SolutionProperties) = preSolution
		HideSolutionNode = FALSE
	EndGlobalSection
	GlobalSection(ExtensibilityGlobals) = postSolution
		SolutionGuid = {25A24539-515D-4BAE-A7F1-FD491FAB95B2}
	EndGlobalSection
EndGlobal
